
Microsoft Visual Studio Solution File, Format Version 12.00
# Visual Studio Version 17
VisualStudioVersion = 17.7.34031.279
MinimumVisualStudioVersion = 10.0.40219.1
Project("{9A19103F-16F7-4668-BE54-9A1E7A4F7556}") = "MPT_1lab", "MPT_1lab\MPT_1lab.csproj", "{63083901-D16C-4435-AFD3-1CB1EA89AC0F}"
EndProject
Project("{FAE04EC0-301F-11D3-BF4B-00C04F79EFBC}") = "TestProject1", "TestProject1\TestProject1.csproj", "{294634C8-7006-4145-A077-85CFC106F5EA}"
EndProject
Global
	GlobalSection(SolutionConfigurationPlatforms) = preSolution
		Debug|Any CPU = Debug|Any CPU
		Release|Any CPU = Release|Any CPU
	EndGlobalSection
	GlobalSection(ProjectConfigurationPlatforms) = postSolution
		{63083901-D16C-4435-AFD3-1CB1EA89AC0F}.Debug|Any CPU.ActiveCfg = Debug|Any CPU
		{63083901-D16C-4435-AFD3-1CB1EA89AC0F}.Debug|Any CPU.Build.0 = Debug|Any CPU
		{63083901-D16C-4435-AFD3-1CB1EA89AC0F}.Release|Any CPU.ActiveCfg = Release|Any CPU
		{63083901-D16C-4435-AFD3-1CB1EA89AC0F}.Release|Any CPU.Build.0 = Release|Any CPU
		{294634C8-7006-4145-A077-85CFC106F5EA}.Debug|Any CPU.ActiveCfg = Debug|Any CPU
		{294634C8-7006-4145-A077-85CFC106F5EA}.Debug|Any CPU.Build.0 = Debug|Any CPU
		{294634C8-7006-4145-A077-85CFC106F5EA}.Release|Any CPU.ActiveCfg = Release|Any CPU
		{294634C8-7006-4145-A077-85CFC106F5EA}.Release|Any CPU.Build.0 = Release|Any CPU
	EndGlobalSection
	GlobalSection(SolutionProperties) = preSolution
		HideSolutionNode = FALSE
	EndGlobalSection
	GlobalSection(ExtensibilityGlobals) = postSolution
		SolutionGuid = {8DA12987-1D75-4EBA-8C2A-89D2032C1044}
	EndGlobalSection
EndGlobal
